
Microsoft Visual Studio Solution File, Format Version 12.00
# Visual Studio Version 17
VisualStudioVersion = 17.9.34728.123
MinimumVisualStudioVersion = 10.0.40219.1
Project("{FAE04EC0-301F-11D3-BF4B-00C04F79EFBC}") = "MiniFeladat", "MiniFeladat\MiniFeladat.csproj", "{641E6E70-F51F-47EF-97C1-4AF549145640}"
EndProject
Global
	GlobalSection(SolutionConfigurationPlatforms) = preSolution
		Debug|Any CPU = Debug|Any CPU
		Release|Any CPU = Release|Any CPU
	EndGlobalSection
	GlobalSection(ProjectConfigurationPlatforms) = postSolution
		{641E6E70-F51F-47EF-97C1-4AF549145640}.Debug|Any CPU.ActiveCfg = Debug|Any CPU
		{641E6E70-F51F-47EF-97C1-4AF549145640}.Debug|Any CPU.Build.0 = Debug|Any CPU
		{641E6E70-F51F-47EF-97C1-4AF549145640}.Release|Any CPU.ActiveCfg = Release|Any CPU
		{641E6E70-F51F-47EF-97C1-4AF549145640}.Release|Any CPU.Build.0 = Release|Any CPU
	EndGlobalSection
	GlobalSection(SolutionProperties) = preSolution
		HideSolutionNode = FALSE
	EndGlobalSection
	GlobalSection(ExtensibilityGlobals) = postSolution
		SolutionGuid = {E34F8FDC-4EA4-4F60-AAB4-57DFC244DE13}
	EndGlobalSection
EndGlobal
